
Microsoft Visual Studio Solution File, Format Version 12.00
# Visual Studio Version 16
VisualStudioVersion = 16.0.29230.47
MinimumVisualStudioVersion = 10.0.40219.1
Project("{9A19103F-16F7-4668-BE54-9A1E7A4F7556}") = "TomPIT.Ide", "TomPIT.Ide\TomPIT.Ide.csproj", "{DB4C2043-C1D3-4457-ADCF-3083BACF6265}"
EndProject
Project("{9A19103F-16F7-4668-BE54-9A1E7A4F7556}") = "TomPIT.Ide.UI", "TomPIT.Ide.UI\TomPIT.Ide.UI.csproj", "{05547219-1C58-4F56-8DD5-524430FEF6D2}"
EndProject
Project("{9A19103F-16F7-4668-BE54-9A1E7A4F7556}") = "TomPIT.Development", "TomPIT.Development\TomPIT.Development.csproj", "{E31BC215-0BDF-4004-91C9-BC3C6BFCCC03}"
EndProject
Project("{2150E333-8FDC-42A3-9474-1A3956D46DE8}") = "Templates", "Templates", "{B2F99931-C7AC-428A-A131-3AE9972BC414}"
EndProject
Project("{9A19103F-16F7-4668-BE54-9A1E7A4F7556}") = "TomPIT.MicroServices.Design", "TomPIT.Templates.Application.Design\TomPIT.MicroServices.Design.csproj", "{04B6EB19-DDFC-4BCB-8760-7F50E3AFA736}"
EndProject
Project("{9A19103F-16F7-4668-BE54-9A1E7A4F7556}") = "TomPIT.Design", "TomPIT.Design\TomPIT.Design.csproj", "{DADCA7DE-BBB9-4465-ABB3-7A74CAC9EF4A}"
EndProject
Project("{9A19103F-16F7-4668-BE54-9A1E7A4F7556}") = "TomPIT.MicroServices", "TomPIT.Templates.Application\TomPIT.MicroServices.csproj", "{0CC9BA74-BA0A-49CA-A008-DD8499C313D3}"
EndProject
Project("{9A19103F-16F7-4668-BE54-9A1E7A4F7556}") = "TomPIT.MicroServices.IoT", "TomPIT.Templates.IoT\TomPIT.MicroServices.IoT.csproj", "{0DE4C393-11AA-49CA-9297-79344B9CF508}"
EndProject
Project("{9A19103F-16F7-4668-BE54-9A1E7A4F7556}") = "TomPIT.MicroServices.IoT.Design", "TomPIT.Templates.IoT.Design\TomPIT.MicroServices.IoT.Design.csproj", "{032B9798-CA6A-430C-8E73-2F458ACAF741}"
EndProject
Project("{9A19103F-16F7-4668-BE54-9A1E7A4F7556}") = "Development", "TomPIT.Development.UI\Development.csproj", "{E866D513-74B2-487B-93FC-2A89B7229497}"
EndProject
Project("{2150E333-8FDC-42A3-9474-1A3956D46DE8}") = "Dependencies", "Dependencies", "{BE07D9CA-7B69-4FB3-B883-17A8F08F564C}"
EndProject
Project("{9A19103F-16F7-4668-BE54-9A1E7A4F7556}") = "TomPIT.ComponentModel", "..\Core\TomPIT.ComponentModel\TomPIT.ComponentModel.csproj", "{F71AE76B-99DF-443F-ADB0-4FDBD92F527D}"
EndProject
Project("{9A19103F-16F7-4668-BE54-9A1E7A4F7556}") = "TomPIT.Core", "..\Core\TomPIT.Core\TomPIT.Core.csproj", "{30852167-584D-48C1-AB76-83A1D2B96A38}"
EndProject
Project("{9A19103F-16F7-4668-BE54-9A1E7A4F7556}") = "TomPIT.Extensions", "..\Runtime\TomPIT.Extensions\TomPIT.Extensions.csproj", "{CB11DD73-7C6B-49C9-91CE-E152B7191E4E}"
EndProject
Project("{9A19103F-16F7-4668-BE54-9A1E7A4F7556}") = "TomPIT.Runtime", "..\Runtime\TomPIT.Runtime\TomPIT.Runtime.csproj", "{B3C40969-B68B-41BE-AC60-751BCEAC6D19}"
EndProject
Project("{9A19103F-16F7-4668-BE54-9A1E7A4F7556}") = "TomPIT.UI", "..\Runtime\TomPIT.UI\TomPIT.UI.csproj", "{877B6EE8-0AE1-4C2C-A2C7-85B7084E137F}"
EndProject
Project("{9A19103F-16F7-4668-BE54-9A1E7A4F7556}") = "TomPIT.DataProviders.Sql", "..\DataProviders\TomPIT.DataProviders.Sql\TomPIT.DataProviders.Sql.csproj", "{6DC521B2-6D33-4091-8419-F6150385FE3B}"
EndProject
Project("{9A19103F-16F7-4668-BE54-9A1E7A4F7556}") = "TomPIT.MicroServices.BigData", "TomPIT.BigData\TomPIT.MicroServices.BigData.csproj", "{83F8669C-CD82-477D-A1D1-433382EB3944}"
EndProject
Project("{9A19103F-16F7-4668-BE54-9A1E7A4F7556}") = "TomPIT.MicroServices.BigData.Design", "TomPIT.BigData.Design\TomPIT.MicroServices.BigData.Design.csproj", "{F7400F20-F0E7-4AA6-A9ED-2E772AB58AA9}"
EndProject
Project("{9A19103F-16F7-4668-BE54-9A1E7A4F7556}") = "TomPIT.Sdk", "..\Core\TomPIT.Sdk\TomPIT.Sdk.csproj", "{E7C80A61-73CD-4886-B722-A14C17078F77}"
EndProject
Global
	GlobalSection(SolutionConfigurationPlatforms) = preSolution
		Debug|Any CPU = Debug|Any CPU
		Release|Any CPU = Release|Any CPU
	EndGlobalSection
	GlobalSection(ProjectConfigurationPlatforms) = postSolution
		{DB4C2043-C1D3-4457-ADCF-3083BACF6265}.Debug|Any CPU.ActiveCfg = Debug|Any CPU
		{DB4C2043-C1D3-4457-ADCF-3083BACF6265}.Debug|Any CPU.Build.0 = Debug|Any CPU
		{DB4C2043-C1D3-4457-ADCF-3083BACF6265}.Release|Any CPU.ActiveCfg = Release|Any CPU
		{DB4C2043-C1D3-4457-ADCF-3083BACF6265}.Release|Any CPU.Build.0 = Release|Any CPU
		{05547219-1C58-4F56-8DD5-524430FEF6D2}.Debug|Any CPU.ActiveCfg = Debug|Any CPU
		{05547219-1C58-4F56-8DD5-524430FEF6D2}.Debug|Any CPU.Build.0 = Debug|Any CPU
		{05547219-1C58-4F56-8DD5-524430FEF6D2}.Release|Any CPU.ActiveCfg = Release|Any CPU
		{05547219-1C58-4F56-8DD5-524430FEF6D2}.Release|Any CPU.Build.0 = Release|Any CPU
		{E31BC215-0BDF-4004-91C9-BC3C6BFCCC03}.Debug|Any CPU.ActiveCfg = Debug|Any CPU
		{E31BC215-0BDF-4004-91C9-BC3C6BFCCC03}.Debug|Any CPU.Build.0 = Debug|Any CPU
		{E31BC215-0BDF-4004-91C9-BC3C6BFCCC03}.Release|Any CPU.ActiveCfg = Release|Any CPU
		{E31BC215-0BDF-4004-91C9-BC3C6BFCCC03}.Release|Any CPU.Build.0 = Release|Any CPU
		{04B6EB19-DDFC-4BCB-8760-7F50E3AFA736}.Debug|Any CPU.ActiveCfg = Debug|Any CPU
		{04B6EB19-DDFC-4BCB-8760-7F50E3AFA736}.Debug|Any CPU.Build.0 = Debug|Any CPU
		{04B6EB19-DDFC-4BCB-8760-7F50E3AFA736}.Release|Any CPU.ActiveCfg = Release|Any CPU
		{04B6EB19-DDFC-4BCB-8760-7F50E3AFA736}.Release|Any CPU.Build.0 = Release|Any CPU
		{DADCA7DE-BBB9-4465-ABB3-7A74CAC9EF4A}.Debug|Any CPU.ActiveCfg = Debug|Any CPU
		{DADCA7DE-BBB9-4465-ABB3-7A74CAC9EF4A}.Debug|Any CPU.Build.0 = Debug|Any CPU
		{DADCA7DE-BBB9-4465-ABB3-7A74CAC9EF4A}.Release|Any CPU.ActiveCfg = Release|Any CPU
		{DADCA7DE-BBB9-4465-ABB3-7A74CAC9EF4A}.Release|Any CPU.Build.0 = Release|Any CPU
		{0CC9BA74-BA0A-49CA-A008-DD8499C313D3}.Debug|Any CPU.ActiveCfg = Debug|Any CPU
		{0CC9BA74-BA0A-49CA-A008-DD8499C313D3}.Debug|Any CPU.Build.0 = Debug|Any CPU
		{0CC9BA74-BA0A-49CA-A008-DD8499C313D3}.Release|Any CPU.ActiveCfg = Release|Any CPU
		{0CC9BA74-BA0A-49CA-A008-DD8499C313D3}.Release|Any CPU.Build.0 = Release|Any CPU
		{0DE4C393-11AA-49CA-9297-79344B9CF508}.Debug|Any CPU.ActiveCfg = Debug|Any CPU
		{0DE4C393-11AA-49CA-9297-79344B9CF508}.Debug|Any CPU.Build.0 = Debug|Any CPU
		{0DE4C393-11AA-49CA-9297-79344B9CF508}.Release|Any CPU.ActiveCfg = Release|Any CPU
		{0DE4C393-11AA-49CA-9297-79344B9CF508}.Release|Any CPU.Build.0 = Release|Any CPU
		{032B9798-CA6A-430C-8E73-2F458ACAF741}.Debug|Any CPU.ActiveCfg = Debug|Any CPU
		{032B9798-CA6A-430C-8E73-2F458ACAF741}.Debug|Any CPU.Build.0 = Debug|Any CPU
		{032B9798-CA6A-430C-8E73-2F458ACAF741}.Release|Any CPU.ActiveCfg = Release|Any CPU
		{032B9798-CA6A-430C-8E73-2F458ACAF741}.Release|Any CPU.Build.0 = Release|Any CPU
		{E866D513-74B2-487B-93FC-2A89B7229497}.Debug|Any CPU.ActiveCfg = Debug|Any CPU
		{E866D513-74B2-487B-93FC-2A89B7229497}.Debug|Any CPU.Build.0 = Debug|Any CPU
		{E866D513-74B2-487B-93FC-2A89B7229497}.Release|Any CPU.ActiveCfg = Release|Any CPU
		{E866D513-74B2-487B-93FC-2A89B7229497}.Release|Any CPU.Build.0 = Release|Any CPU
		{F71AE76B-99DF-443F-ADB0-4FDBD92F527D}.Debug|Any CPU.ActiveCfg = Debug|Any CPU
		{F71AE76B-99DF-443F-ADB0-4FDBD92F527D}.Debug|Any CPU.Build.0 = Debug|Any CPU
		{F71AE76B-99DF-443F-ADB0-4FDBD92F527D}.Release|Any CPU.ActiveCfg = Release|Any CPU
		{F71AE76B-99DF-443F-ADB0-4FDBD92F527D}.Release|Any CPU.Build.0 = Release|Any CPU
		{30852167-584D-48C1-AB76-83A1D2B96A38}.Debug|Any CPU.ActiveCfg = Debug|Any CPU
		{30852167-584D-48C1-AB76-83A1D2B96A38}.Debug|Any CPU.Build.0 = Debug|Any CPU
		{30852167-584D-48C1-AB76-83A1D2B96A38}.Release|Any CPU.ActiveCfg = Release|Any CPU
		{30852167-584D-48C1-AB76-83A1D2B96A38}.Release|Any CPU.Build.0 = Release|Any CPU
		{CB11DD73-7C6B-49C9-91CE-E152B7191E4E}.Debug|Any CPU.ActiveCfg = Debug|Any CPU
		{CB11DD73-7C6B-49C9-91CE-E152B7191E4E}.Debug|Any CPU.Build.0 = Debug|Any CPU
		{CB11DD73-7C6B-49C9-91CE-E152B7191E4E}.Release|Any CPU.ActiveCfg = Release|Any CPU
		{CB11DD73-7C6B-49C9-91CE-E152B7191E4E}.Release|Any CPU.Build.0 = Release|Any CPU
		{B3C40969-B68B-41BE-AC60-751BCEAC6D19}.Debug|Any CPU.ActiveCfg = Debug|Any CPU
		{B3C40969-B68B-41BE-AC60-751BCEAC6D19}.Debug|Any CPU.Build.0 = Debug|Any CPU
		{B3C40969-B68B-41BE-AC60-751BCEAC6D19}.Release|Any CPU.ActiveCfg = Release|Any CPU
		{B3C40969-B68B-41BE-AC60-751BCEAC6D19}.Release|Any CPU.Build.0 = Release|Any CPU
		{877B6EE8-0AE1-4C2C-A2C7-85B7084E137F}.Debug|Any CPU.ActiveCfg = Debug|Any CPU
		{877B6EE8-0AE1-4C2C-A2C7-85B7084E137F}.Debug|Any CPU.Build.0 = Debug|Any CPU
		{877B6EE8-0AE1-4C2C-A2C7-85B7084E137F}.Release|Any CPU.ActiveCfg = Release|Any CPU
		{877B6EE8-0AE1-4C2C-A2C7-85B7084E137F}.Release|Any CPU.Build.0 = Release|Any CPU
		{6DC521B2-6D33-4091-8419-F6150385FE3B}.Debug|Any CPU.ActiveCfg = Debug|Any CPU
		{6DC521B2-6D33-4091-8419-F6150385FE3B}.Debug|Any CPU.Build.0 = Debug|Any CPU
		{6DC521B2-6D33-4091-8419-F6150385FE3B}.Release|Any CPU.ActiveCfg = Release|Any CPU
		{6DC521B2-6D33-4091-8419-F6150385FE3B}.Release|Any CPU.Build.0 = Release|Any CPU
		{83F8669C-CD82-477D-A1D1-433382EB3944}.Debug|Any CPU.ActiveCfg = Debug|Any CPU
		{83F8669C-CD82-477D-A1D1-433382EB3944}.Debug|Any CPU.Build.0 = Debug|Any CPU
		{83F8669C-CD82-477D-A1D1-433382EB3944}.Release|Any CPU.ActiveCfg = Release|Any CPU
		{83F8669C-CD82-477D-A1D1-433382EB3944}.Release|Any CPU.Build.0 = Release|Any CPU
		{F7400F20-F0E7-4AA6-A9ED-2E772AB58AA9}.Debug|Any CPU.ActiveCfg = Debug|Any CPU
		{F7400F20-F0E7-4AA6-A9ED-2E772AB58AA9}.Debug|Any CPU.Build.0 = Debug|Any CPU
		{F7400F20-F0E7-4AA6-A9ED-2E772AB58AA9}.Release|Any CPU.ActiveCfg = Release|Any CPU
		{F7400F20-F0E7-4AA6-A9ED-2E772AB58AA9}.Release|Any CPU.Build.0 = Release|Any CPU
		{E7C80A61-73CD-4886-B722-A14C17078F77}.Debug|Any CPU.ActiveCfg = Debug|Any CPU
		{E7C80A61-73CD-4886-B722-A14C17078F77}.Debug|Any CPU.Build.0 = Debug|Any CPU
		{E7C80A61-73CD-4886-B722-A14C17078F77}.Release|Any CPU.ActiveCfg = Release|Any CPU
		{E7C80A61-73CD-4886-B722-A14C17078F77}.Release|Any CPU.Build.0 = Release|Any CPU
	EndGlobalSection
	GlobalSection(SolutionProperties) = preSolution
		HideSolutionNode = FALSE
	EndGlobalSection
	GlobalSection(NestedProjects) = preSolution
		{04B6EB19-DDFC-4BCB-8760-7F50E3AFA736} = {B2F99931-C7AC-428A-A131-3AE9972BC414}
		{0CC9BA74-BA0A-49CA-A008-DD8499C313D3} = {B2F99931-C7AC-428A-A131-3AE9972BC414}
		{0DE4C393-11AA-49CA-9297-79344B9CF508} = {B2F99931-C7AC-428A-A131-3AE9972BC414}
		{032B9798-CA6A-430C-8E73-2F458ACAF741} = {B2F99931-C7AC-428A-A131-3AE9972BC414}
		{F71AE76B-99DF-443F-ADB0-4FDBD92F527D} = {BE07D9CA-7B69-4FB3-B883-17A8F08F564C}
		{30852167-584D-48C1-AB76-83A1D2B96A38} = {BE07D9CA-7B69-4FB3-B883-17A8F08F564C}
		{CB11DD73-7C6B-49C9-91CE-E152B7191E4E} = {BE07D9CA-7B69-4FB3-B883-17A8F08F564C}
		{B3C40969-B68B-41BE-AC60-751BCEAC6D19} = {BE07D9CA-7B69-4FB3-B883-17A8F08F564C}
		{877B6EE8-0AE1-4C2C-A2C7-85B7084E137F} = {BE07D9CA-7B69-4FB3-B883-17A8F08F564C}
		{6DC521B2-6D33-4091-8419-F6150385FE3B} = {BE07D9CA-7B69-4FB3-B883-17A8F08F564C}
		{83F8669C-CD82-477D-A1D1-433382EB3944} = {B2F99931-C7AC-428A-A131-3AE9972BC414}
		{F7400F20-F0E7-4AA6-A9ED-2E772AB58AA9} = {B2F99931-C7AC-428A-A131-3AE9972BC414}
		{E7C80A61-73CD-4886-B722-A14C17078F77} = {BE07D9CA-7B69-4FB3-B883-17A8F08F564C}
	EndGlobalSection
	GlobalSection(ExtensibilityGlobals) = postSolution
		SolutionGuid = {817F1045-92EE-4B66-938E-4D4A21995F66}
	EndGlobalSection
EndGlobal
