
Microsoft Visual Studio Solution File, Format Version 12.00
# Visual Studio Version 16
VisualStudioVersion = 16.0.29230.47
MinimumVisualStudioVersion = 10.0.40219.1
Project("{9A19103F-16F7-4668-BE54-9A1E7A4F7556}") = "TomPIT.SysDb", "TomPIT.SysDb\TomPIT.SysDb.csproj", "{EAF20A01-6FEA-4536-97EB-0D4D2ED2C477}"
EndProject
Project("{9A19103F-16F7-4668-BE54-9A1E7A4F7556}") = "TomPIT.SysDb.Sql", "TomPIT.SysDb.Sql\TomPIT.SysDb.Sql.csproj", "{D9BE69DC-2DF5-4BE8-94DA-49807F067BA0}"
EndProject
Project("{9A19103F-16F7-4668-BE54-9A1E7A4F7556}") = "TomPIT.StorageProvider.Sql", "TomPIT.StorageProvider.Sql\TomPIT.StorageProvider.Sql.csproj", "{C3FA34B7-C731-488B-ADEF-4A1AE4C0F7E3}"
EndProject
Project("{9A19103F-16F7-4668-BE54-9A1E7A4F7556}") = "TomPIT.Sys.Api", "TomPIT.Sys.Api\TomPIT.Sys.Api.csproj", "{C2F0DADF-9D4C-4E41-8C56-45114A712CE8}"
EndProject
Project("{9A19103F-16F7-4668-BE54-9A1E7A4F7556}") = "Sys", "TomPIT.Sys\Sys.csproj", "{BED529F7-5461-4EC0-A03C-0AC565831549}"
EndProject
Project("{2150E333-8FDC-42A3-9474-1A3956D46DE8}") = "Dependencies", "Dependencies", "{E79173C7-C521-42E8-8230-4FBEBA374CE8}"
EndProject
Project("{9A19103F-16F7-4668-BE54-9A1E7A4F7556}") = "TomPIT.Core", "..\Core\TomPIT.Core\TomPIT.Core.csproj", "{0A55F87E-0A0C-4B76-A75F-78A834F988FC}"
EndProject
Project("{9A19103F-16F7-4668-BE54-9A1E7A4F7556}") = "TomPIT.StorageProvider.Azure", "TomPIT.StorageProvider.Azure\TomPIT.StorageProvider.Azure.csproj", "{DCCD98D9-A3FD-4B23-9D08-E1F87ED801BD}"
EndProject
Project("{9A19103F-16F7-4668-BE54-9A1E7A4F7556}") = "Lucene.Net", "..\Search\Lucene.Core\Lucene.Net.csproj", "{15DDEABE-8867-4910-8E6B-8590D6128249}"
EndProject
Project("{9A19103F-16F7-4668-BE54-9A1E7A4F7556}") = "Contrib.Highlighter", "..\Search\Lucene.Highlighter\Contrib.Highlighter.csproj", "{27CB8D04-550F-47F8-A232-2A169DED885C}"
EndProject
Project("{9A19103F-16F7-4668-BE54-9A1E7A4F7556}") = "Contrib.Memory", "..\Search\Lucene.Memory\Contrib.Memory.csproj", "{B468B793-1101-4ACB-A5E3-1A87A29283B2}"
EndProject
Global
	GlobalSection(SolutionConfigurationPlatforms) = preSolution
		Debug|Any CPU = Debug|Any CPU
		Release|Any CPU = Release|Any CPU
	EndGlobalSection
	GlobalSection(ProjectConfigurationPlatforms) = postSolution
		{EAF20A01-6FEA-4536-97EB-0D4D2ED2C477}.Debug|Any CPU.ActiveCfg = Debug|Any CPU
		{EAF20A01-6FEA-4536-97EB-0D4D2ED2C477}.Debug|Any CPU.Build.0 = Debug|Any CPU
		{EAF20A01-6FEA-4536-97EB-0D4D2ED2C477}.Release|Any CPU.ActiveCfg = Release|Any CPU
		{EAF20A01-6FEA-4536-97EB-0D4D2ED2C477}.Release|Any CPU.Build.0 = Release|Any CPU
		{D9BE69DC-2DF5-4BE8-94DA-49807F067BA0}.Debug|Any CPU.ActiveCfg = Debug|Any CPU
		{D9BE69DC-2DF5-4BE8-94DA-49807F067BA0}.Debug|Any CPU.Build.0 = Debug|Any CPU
		{D9BE69DC-2DF5-4BE8-94DA-49807F067BA0}.Release|Any CPU.ActiveCfg = Release|Any CPU
		{D9BE69DC-2DF5-4BE8-94DA-49807F067BA0}.Release|Any CPU.Build.0 = Release|Any CPU
		{C3FA34B7-C731-488B-ADEF-4A1AE4C0F7E3}.Debug|Any CPU.ActiveCfg = Debug|Any CPU
		{C3FA34B7-C731-488B-ADEF-4A1AE4C0F7E3}.Debug|Any CPU.Build.0 = Debug|Any CPU
		{C3FA34B7-C731-488B-ADEF-4A1AE4C0F7E3}.Release|Any CPU.ActiveCfg = Release|Any CPU
		{C3FA34B7-C731-488B-ADEF-4A1AE4C0F7E3}.Release|Any CPU.Build.0 = Release|Any CPU
		{C2F0DADF-9D4C-4E41-8C56-45114A712CE8}.Debug|Any CPU.ActiveCfg = Debug|Any CPU
		{C2F0DADF-9D4C-4E41-8C56-45114A712CE8}.Debug|Any CPU.Build.0 = Debug|Any CPU
		{C2F0DADF-9D4C-4E41-8C56-45114A712CE8}.Release|Any CPU.ActiveCfg = Release|Any CPU
		{C2F0DADF-9D4C-4E41-8C56-45114A712CE8}.Release|Any CPU.Build.0 = Release|Any CPU
		{BED529F7-5461-4EC0-A03C-0AC565831549}.Debug|Any CPU.ActiveCfg = Debug|Any CPU
		{BED529F7-5461-4EC0-A03C-0AC565831549}.Debug|Any CPU.Build.0 = Debug|Any CPU
		{BED529F7-5461-4EC0-A03C-0AC565831549}.Release|Any CPU.ActiveCfg = Release|Any CPU
		{BED529F7-5461-4EC0-A03C-0AC565831549}.Release|Any CPU.Build.0 = Release|Any CPU
		{0A55F87E-0A0C-4B76-A75F-78A834F988FC}.Debug|Any CPU.ActiveCfg = Debug|Any CPU
		{0A55F87E-0A0C-4B76-A75F-78A834F988FC}.Debug|Any CPU.Build.0 = Debug|Any CPU
		{0A55F87E-0A0C-4B76-A75F-78A834F988FC}.Release|Any CPU.ActiveCfg = Release|Any CPU
		{0A55F87E-0A0C-4B76-A75F-78A834F988FC}.Release|Any CPU.Build.0 = Release|Any CPU
		{DCCD98D9-A3FD-4B23-9D08-E1F87ED801BD}.Debug|Any CPU.ActiveCfg = Debug|Any CPU
		{DCCD98D9-A3FD-4B23-9D08-E1F87ED801BD}.Debug|Any CPU.Build.0 = Debug|Any CPU
		{DCCD98D9-A3FD-4B23-9D08-E1F87ED801BD}.Release|Any CPU.ActiveCfg = Release|Any CPU
		{DCCD98D9-A3FD-4B23-9D08-E1F87ED801BD}.Release|Any CPU.Build.0 = Release|Any CPU
		{15DDEABE-8867-4910-8E6B-8590D6128249}.Debug|Any CPU.ActiveCfg = Debug|Any CPU
		{15DDEABE-8867-4910-8E6B-8590D6128249}.Debug|Any CPU.Build.0 = Debug|Any CPU
		{15DDEABE-8867-4910-8E6B-8590D6128249}.Release|Any CPU.ActiveCfg = Release|Any CPU
		{15DDEABE-8867-4910-8E6B-8590D6128249}.Release|Any CPU.Build.0 = Release|Any CPU
		{27CB8D04-550F-47F8-A232-2A169DED885C}.Debug|Any CPU.ActiveCfg = Debug|Any CPU
		{27CB8D04-550F-47F8-A232-2A169DED885C}.Debug|Any CPU.Build.0 = Debug|Any CPU
		{27CB8D04-550F-47F8-A232-2A169DED885C}.Release|Any CPU.ActiveCfg = Release|Any CPU
		{27CB8D04-550F-47F8-A232-2A169DED885C}.Release|Any CPU.Build.0 = Release|Any CPU
		{B468B793-1101-4ACB-A5E3-1A87A29283B2}.Debug|Any CPU.ActiveCfg = Debug|Any CPU
		{B468B793-1101-4ACB-A5E3-1A87A29283B2}.Debug|Any CPU.Build.0 = Debug|Any CPU
		{B468B793-1101-4ACB-A5E3-1A87A29283B2}.Release|Any CPU.ActiveCfg = Release|Any CPU
		{B468B793-1101-4ACB-A5E3-1A87A29283B2}.Release|Any CPU.Build.0 = Release|Any CPU
	EndGlobalSection
	GlobalSection(SolutionProperties) = preSolution
		HideSolutionNode = FALSE
	EndGlobalSection
	GlobalSection(NestedProjects) = preSolution
		{0A55F87E-0A0C-4B76-A75F-78A834F988FC} = {E79173C7-C521-42E8-8230-4FBEBA374CE8}
		{15DDEABE-8867-4910-8E6B-8590D6128249} = {E79173C7-C521-42E8-8230-4FBEBA374CE8}
		{27CB8D04-550F-47F8-A232-2A169DED885C} = {E79173C7-C521-42E8-8230-4FBEBA374CE8}
		{B468B793-1101-4ACB-A5E3-1A87A29283B2} = {E79173C7-C521-42E8-8230-4FBEBA374CE8}
	EndGlobalSection
	GlobalSection(ExtensibilityGlobals) = postSolution
		SolutionGuid = {C4E4C312-6F7C-4453-A6BF-AA3C797290C8}
	EndGlobalSection
EndGlobal
