
Microsoft Visual Studio Solution File, Format Version 12.00
# Visual Studio 15
VisualStudioVersion = 15.0.28307.168
MinimumVisualStudioVersion = 10.0.40219.1
Project("{FAE04EC0-301F-11D3-BF4B-00C04F79EFBC}") = "Search", "Search\Search.csproj", "{E3F090B9-DBAE-4CBB-A3A3-4DABD1E1F99B}"
EndProject
Global
	GlobalSection(SolutionConfigurationPlatforms) = preSolution
		Debug|Any CPU = Debug|Any CPU
		Release|Any CPU = Release|Any CPU
	EndGlobalSection
	GlobalSection(ProjectConfigurationPlatforms) = postSolution
		{E3F090B9-DBAE-4CBB-A3A3-4DABD1E1F99B}.Debug|Any CPU.ActiveCfg = Debug|Any CPU
		{E3F090B9-DBAE-4CBB-A3A3-4DABD1E1F99B}.Debug|Any CPU.Build.0 = Debug|Any CPU
		{E3F090B9-DBAE-4CBB-A3A3-4DABD1E1F99B}.Release|Any CPU.ActiveCfg = Release|Any CPU
		{E3F090B9-DBAE-4CBB-A3A3-4DABD1E1F99B}.Release|Any CPU.Build.0 = Release|Any CPU
	EndGlobalSection
	GlobalSection(SolutionProperties) = preSolution
		HideSolutionNode = FALSE
	EndGlobalSection
	GlobalSection(ExtensibilityGlobals) = postSolution
		SolutionGuid = {234DAD2B-1B2B-4761-99A7-735F1D275925}
	EndGlobalSection
EndGlobal
