
Microsoft Visual Studio Solution File, Format Version 12.00
# Visual Studio Version 16
VisualStudioVersion = 16.0.28803.352
MinimumVisualStudioVersion = 10.0.40219.1
Project("{9A19103F-16F7-4668-BE54-9A1E7A4F7556}") = "Search", "Search\Search.csproj", "{E3F090B9-DBAE-4CBB-A3A3-4DABD1E1F99B}"
EndProject
Project("{2150E333-8FDC-42A3-9474-1A3956D46DE8}") = "Dependencies", "Dependencies", "{0B435E13-0793-41D1-ACED-0E82DF395B38}"
EndProject
Project("{9A19103F-16F7-4668-BE54-9A1E7A4F7556}") = "TomPIT.Core", "..\Core\TomPIT.Core\TomPIT.Core.csproj", "{2F70D3E9-ED90-47A0-9766-C5920F199527}"
EndProject
Project("{9A19103F-16F7-4668-BE54-9A1E7A4F7556}") = "TomPIT.ComponentModel", "..\Core\TomPIT.ComponentModel\TomPIT.ComponentModel.csproj", "{302211A5-ADD7-4617-BA77-D1827502B53D}"
EndProject
Project("{9A19103F-16F7-4668-BE54-9A1E7A4F7556}") = "TomPIT.Runtime", "..\Runtime\TomPIT.Runtime\TomPIT.Runtime.csproj", "{749A7F83-EB1E-4950-9833-70AC6FADC55C}"
EndProject
Project("{2150E333-8FDC-42A3-9474-1A3956D46DE8}") = "Lucene", "Lucene", "{213A3A31-8D26-4DEE-90C8-04215A728FDF}"
EndProject
Project("{9A19103F-16F7-4668-BE54-9A1E7A4F7556}") = "Lucene.Net", "Lucene.Core\Lucene.Net.csproj", "{5D4AD9BE-1FFB-41AB-9943-25737971BF57}"
EndProject
Project("{9A19103F-16F7-4668-BE54-9A1E7A4F7556}") = "Contrib.Memory", "Lucene.Memory\Contrib.Memory.csproj", "{112B9A7C-29CC-4539-8F5A-45669C07CD4D}"
EndProject
Project("{9A19103F-16F7-4668-BE54-9A1E7A4F7556}") = "Contrib.Highlighter", "Lucene.Highlighter\Contrib.Highlighter.csproj", "{901D5415-383C-4AA6-A256-879558841BEA}"
EndProject
Project("{9A19103F-16F7-4668-BE54-9A1E7A4F7556}") = "TomPIT.Sdk", "..\Core\TomPIT.Sdk\TomPIT.Sdk.csproj", "{F22DFDDE-A092-41FB-B76E-F0937673DD48}"
EndProject
Global
	GlobalSection(SolutionConfigurationPlatforms) = preSolution
		Debug|Any CPU = Debug|Any CPU
		Debug35|Any CPU = Debug35|Any CPU
		Release|Any CPU = Release|Any CPU
		Release35|Any CPU = Release35|Any CPU
	EndGlobalSection
	GlobalSection(ProjectConfigurationPlatforms) = postSolution
		{E3F090B9-DBAE-4CBB-A3A3-4DABD1E1F99B}.Debug|Any CPU.ActiveCfg = Debug|Any CPU
		{E3F090B9-DBAE-4CBB-A3A3-4DABD1E1F99B}.Debug|Any CPU.Build.0 = Debug|Any CPU
		{E3F090B9-DBAE-4CBB-A3A3-4DABD1E1F99B}.Debug35|Any CPU.ActiveCfg = Debug|Any CPU
		{E3F090B9-DBAE-4CBB-A3A3-4DABD1E1F99B}.Debug35|Any CPU.Build.0 = Debug|Any CPU
		{E3F090B9-DBAE-4CBB-A3A3-4DABD1E1F99B}.Release|Any CPU.ActiveCfg = Release|Any CPU
		{E3F090B9-DBAE-4CBB-A3A3-4DABD1E1F99B}.Release|Any CPU.Build.0 = Release|Any CPU
		{E3F090B9-DBAE-4CBB-A3A3-4DABD1E1F99B}.Release35|Any CPU.ActiveCfg = Release|Any CPU
		{E3F090B9-DBAE-4CBB-A3A3-4DABD1E1F99B}.Release35|Any CPU.Build.0 = Release|Any CPU
		{2F70D3E9-ED90-47A0-9766-C5920F199527}.Debug|Any CPU.ActiveCfg = Debug|Any CPU
		{2F70D3E9-ED90-47A0-9766-C5920F199527}.Debug|Any CPU.Build.0 = Debug|Any CPU
		{2F70D3E9-ED90-47A0-9766-C5920F199527}.Debug35|Any CPU.ActiveCfg = Debug|Any CPU
		{2F70D3E9-ED90-47A0-9766-C5920F199527}.Debug35|Any CPU.Build.0 = Debug|Any CPU
		{2F70D3E9-ED90-47A0-9766-C5920F199527}.Release|Any CPU.ActiveCfg = Release|Any CPU
		{2F70D3E9-ED90-47A0-9766-C5920F199527}.Release|Any CPU.Build.0 = Release|Any CPU
		{2F70D3E9-ED90-47A0-9766-C5920F199527}.Release35|Any CPU.ActiveCfg = Release|Any CPU
		{2F70D3E9-ED90-47A0-9766-C5920F199527}.Release35|Any CPU.Build.0 = Release|Any CPU
		{302211A5-ADD7-4617-BA77-D1827502B53D}.Debug|Any CPU.ActiveCfg = Debug|Any CPU
		{302211A5-ADD7-4617-BA77-D1827502B53D}.Debug|Any CPU.Build.0 = Debug|Any CPU
		{302211A5-ADD7-4617-BA77-D1827502B53D}.Debug35|Any CPU.ActiveCfg = Debug|Any CPU
		{302211A5-ADD7-4617-BA77-D1827502B53D}.Debug35|Any CPU.Build.0 = Debug|Any CPU
		{302211A5-ADD7-4617-BA77-D1827502B53D}.Release|Any CPU.ActiveCfg = Release|Any CPU
		{302211A5-ADD7-4617-BA77-D1827502B53D}.Release|Any CPU.Build.0 = Release|Any CPU
		{302211A5-ADD7-4617-BA77-D1827502B53D}.Release35|Any CPU.ActiveCfg = Release|Any CPU
		{302211A5-ADD7-4617-BA77-D1827502B53D}.Release35|Any CPU.Build.0 = Release|Any CPU
		{749A7F83-EB1E-4950-9833-70AC6FADC55C}.Debug|Any CPU.ActiveCfg = Debug|Any CPU
		{749A7F83-EB1E-4950-9833-70AC6FADC55C}.Debug|Any CPU.Build.0 = Debug|Any CPU
		{749A7F83-EB1E-4950-9833-70AC6FADC55C}.Debug35|Any CPU.ActiveCfg = Debug|Any CPU
		{749A7F83-EB1E-4950-9833-70AC6FADC55C}.Debug35|Any CPU.Build.0 = Debug|Any CPU
		{749A7F83-EB1E-4950-9833-70AC6FADC55C}.Release|Any CPU.ActiveCfg = Release|Any CPU
		{749A7F83-EB1E-4950-9833-70AC6FADC55C}.Release|Any CPU.Build.0 = Release|Any CPU
		{749A7F83-EB1E-4950-9833-70AC6FADC55C}.Release35|Any CPU.ActiveCfg = Release|Any CPU
		{749A7F83-EB1E-4950-9833-70AC6FADC55C}.Release35|Any CPU.Build.0 = Release|Any CPU
		{5D4AD9BE-1FFB-41AB-9943-25737971BF57}.Debug|Any CPU.ActiveCfg = Debug|Any CPU
		{5D4AD9BE-1FFB-41AB-9943-25737971BF57}.Debug|Any CPU.Build.0 = Debug|Any CPU
		{5D4AD9BE-1FFB-41AB-9943-25737971BF57}.Debug35|Any CPU.ActiveCfg = Debug|Any CPU
		{5D4AD9BE-1FFB-41AB-9943-25737971BF57}.Debug35|Any CPU.Build.0 = Debug|Any CPU
		{5D4AD9BE-1FFB-41AB-9943-25737971BF57}.Release|Any CPU.ActiveCfg = Release|Any CPU
		{5D4AD9BE-1FFB-41AB-9943-25737971BF57}.Release|Any CPU.Build.0 = Release|Any CPU
		{5D4AD9BE-1FFB-41AB-9943-25737971BF57}.Release35|Any CPU.ActiveCfg = Release|Any CPU
		{5D4AD9BE-1FFB-41AB-9943-25737971BF57}.Release35|Any CPU.Build.0 = Release|Any CPU
		{112B9A7C-29CC-4539-8F5A-45669C07CD4D}.Debug|Any CPU.ActiveCfg = Debug|Any CPU
		{112B9A7C-29CC-4539-8F5A-45669C07CD4D}.Debug|Any CPU.Build.0 = Debug|Any CPU
		{112B9A7C-29CC-4539-8F5A-45669C07CD4D}.Debug35|Any CPU.ActiveCfg = Debug|Any CPU
		{112B9A7C-29CC-4539-8F5A-45669C07CD4D}.Debug35|Any CPU.Build.0 = Debug|Any CPU
		{112B9A7C-29CC-4539-8F5A-45669C07CD4D}.Release|Any CPU.ActiveCfg = Release|Any CPU
		{112B9A7C-29CC-4539-8F5A-45669C07CD4D}.Release|Any CPU.Build.0 = Release|Any CPU
		{112B9A7C-29CC-4539-8F5A-45669C07CD4D}.Release35|Any CPU.ActiveCfg = Release|Any CPU
		{112B9A7C-29CC-4539-8F5A-45669C07CD4D}.Release35|Any CPU.Build.0 = Release|Any CPU
		{901D5415-383C-4AA6-A256-879558841BEA}.Debug|Any CPU.ActiveCfg = Debug|Any CPU
		{901D5415-383C-4AA6-A256-879558841BEA}.Debug|Any CPU.Build.0 = Debug|Any CPU
		{901D5415-383C-4AA6-A256-879558841BEA}.Debug35|Any CPU.ActiveCfg = Debug|Any CPU
		{901D5415-383C-4AA6-A256-879558841BEA}.Debug35|Any CPU.Build.0 = Debug|Any CPU
		{901D5415-383C-4AA6-A256-879558841BEA}.Release|Any CPU.ActiveCfg = Release|Any CPU
		{901D5415-383C-4AA6-A256-879558841BEA}.Release|Any CPU.Build.0 = Release|Any CPU
		{901D5415-383C-4AA6-A256-879558841BEA}.Release35|Any CPU.ActiveCfg = Release|Any CPU
		{901D5415-383C-4AA6-A256-879558841BEA}.Release35|Any CPU.Build.0 = Release|Any CPU
		{F22DFDDE-A092-41FB-B76E-F0937673DD48}.Debug|Any CPU.ActiveCfg = Debug|Any CPU
		{F22DFDDE-A092-41FB-B76E-F0937673DD48}.Debug|Any CPU.Build.0 = Debug|Any CPU
		{F22DFDDE-A092-41FB-B76E-F0937673DD48}.Debug35|Any CPU.ActiveCfg = Debug|Any CPU
		{F22DFDDE-A092-41FB-B76E-F0937673DD48}.Debug35|Any CPU.Build.0 = Debug|Any CPU
		{F22DFDDE-A092-41FB-B76E-F0937673DD48}.Release|Any CPU.ActiveCfg = Release|Any CPU
		{F22DFDDE-A092-41FB-B76E-F0937673DD48}.Release|Any CPU.Build.0 = Release|Any CPU
		{F22DFDDE-A092-41FB-B76E-F0937673DD48}.Release35|Any CPU.ActiveCfg = Release|Any CPU
		{F22DFDDE-A092-41FB-B76E-F0937673DD48}.Release35|Any CPU.Build.0 = Release|Any CPU
	EndGlobalSection
	GlobalSection(SolutionProperties) = preSolution
		HideSolutionNode = FALSE
	EndGlobalSection
	GlobalSection(NestedProjects) = preSolution
		{2F70D3E9-ED90-47A0-9766-C5920F199527} = {0B435E13-0793-41D1-ACED-0E82DF395B38}
		{302211A5-ADD7-4617-BA77-D1827502B53D} = {0B435E13-0793-41D1-ACED-0E82DF395B38}
		{749A7F83-EB1E-4950-9833-70AC6FADC55C} = {0B435E13-0793-41D1-ACED-0E82DF395B38}
		{5D4AD9BE-1FFB-41AB-9943-25737971BF57} = {213A3A31-8D26-4DEE-90C8-04215A728FDF}
		{112B9A7C-29CC-4539-8F5A-45669C07CD4D} = {213A3A31-8D26-4DEE-90C8-04215A728FDF}
		{901D5415-383C-4AA6-A256-879558841BEA} = {213A3A31-8D26-4DEE-90C8-04215A728FDF}
		{F22DFDDE-A092-41FB-B76E-F0937673DD48} = {0B435E13-0793-41D1-ACED-0E82DF395B38}
	EndGlobalSection
	GlobalSection(ExtensibilityGlobals) = postSolution
		SolutionGuid = {234DAD2B-1B2B-4761-99A7-735F1D275925}
	EndGlobalSection
EndGlobal
