
Microsoft Visual Studio Solution File, Format Version 12.00
# Visual Studio Version 16
VisualStudioVersion = 16.0.29230.47
MinimumVisualStudioVersion = 10.0.40219.1
Project("{9A19103F-16F7-4668-BE54-9A1E7A4F7556}") = "IoT", "TomPIT.IoT.App\IoT.csproj", "{DD3A6704-3DC2-4D29-AF37-73F05695B0A6}"
EndProject
Project("{2150E333-8FDC-42A3-9474-1A3956D46DE8}") = "Dependencies", "Dependencies", "{D333BCDF-B673-477E-8006-11938B487CDD}"
EndProject
Project("{9A19103F-16F7-4668-BE54-9A1E7A4F7556}") = "TomPIT.Core", "..\Core\TomPIT.Core\TomPIT.Core.csproj", "{75D2F132-DCD5-47DE-A6B5-7100AF35AE47}"
EndProject
Project("{9A19103F-16F7-4668-BE54-9A1E7A4F7556}") = "TomPIT.ComponentModel", "..\Core\TomPIT.ComponentModel\TomPIT.ComponentModel.csproj", "{47F20BF2-F1AA-4C03-BA7D-9DAC6653F7B1}"
EndProject
Project("{9A19103F-16F7-4668-BE54-9A1E7A4F7556}") = "TomPIT.Runtime", "..\Runtime\TomPIT.Runtime\TomPIT.Runtime.csproj", "{572434DE-1E69-437C-8E85-F3669FA7CD67}"
EndProject
Project("{9A19103F-16F7-4668-BE54-9A1E7A4F7556}") = "TomPIT.Sdk", "..\Core\TomPIT.Sdk\TomPIT.Sdk.csproj", "{36530BED-CD0A-46E2-836F-DCE2579E1B89}"
EndProject
Global
	GlobalSection(SolutionConfigurationPlatforms) = preSolution
		Debug|Any CPU = Debug|Any CPU
		Release|Any CPU = Release|Any CPU
	EndGlobalSection
	GlobalSection(ProjectConfigurationPlatforms) = postSolution
		{DD3A6704-3DC2-4D29-AF37-73F05695B0A6}.Debug|Any CPU.ActiveCfg = Debug|Any CPU
		{DD3A6704-3DC2-4D29-AF37-73F05695B0A6}.Debug|Any CPU.Build.0 = Debug|Any CPU
		{DD3A6704-3DC2-4D29-AF37-73F05695B0A6}.Release|Any CPU.ActiveCfg = Release|Any CPU
		{DD3A6704-3DC2-4D29-AF37-73F05695B0A6}.Release|Any CPU.Build.0 = Release|Any CPU
		{75D2F132-DCD5-47DE-A6B5-7100AF35AE47}.Debug|Any CPU.ActiveCfg = Debug|Any CPU
		{75D2F132-DCD5-47DE-A6B5-7100AF35AE47}.Debug|Any CPU.Build.0 = Debug|Any CPU
		{75D2F132-DCD5-47DE-A6B5-7100AF35AE47}.Release|Any CPU.ActiveCfg = Release|Any CPU
		{75D2F132-DCD5-47DE-A6B5-7100AF35AE47}.Release|Any CPU.Build.0 = Release|Any CPU
		{47F20BF2-F1AA-4C03-BA7D-9DAC6653F7B1}.Debug|Any CPU.ActiveCfg = Debug|Any CPU
		{47F20BF2-F1AA-4C03-BA7D-9DAC6653F7B1}.Debug|Any CPU.Build.0 = Debug|Any CPU
		{47F20BF2-F1AA-4C03-BA7D-9DAC6653F7B1}.Release|Any CPU.ActiveCfg = Release|Any CPU
		{47F20BF2-F1AA-4C03-BA7D-9DAC6653F7B1}.Release|Any CPU.Build.0 = Release|Any CPU
		{572434DE-1E69-437C-8E85-F3669FA7CD67}.Debug|Any CPU.ActiveCfg = Debug|Any CPU
		{572434DE-1E69-437C-8E85-F3669FA7CD67}.Debug|Any CPU.Build.0 = Debug|Any CPU
		{572434DE-1E69-437C-8E85-F3669FA7CD67}.Release|Any CPU.ActiveCfg = Release|Any CPU
		{572434DE-1E69-437C-8E85-F3669FA7CD67}.Release|Any CPU.Build.0 = Release|Any CPU
		{36530BED-CD0A-46E2-836F-DCE2579E1B89}.Debug|Any CPU.ActiveCfg = Debug|Any CPU
		{36530BED-CD0A-46E2-836F-DCE2579E1B89}.Debug|Any CPU.Build.0 = Debug|Any CPU
		{36530BED-CD0A-46E2-836F-DCE2579E1B89}.Release|Any CPU.ActiveCfg = Release|Any CPU
		{36530BED-CD0A-46E2-836F-DCE2579E1B89}.Release|Any CPU.Build.0 = Release|Any CPU
	EndGlobalSection
	GlobalSection(SolutionProperties) = preSolution
		HideSolutionNode = FALSE
	EndGlobalSection
	GlobalSection(NestedProjects) = preSolution
		{75D2F132-DCD5-47DE-A6B5-7100AF35AE47} = {D333BCDF-B673-477E-8006-11938B487CDD}
		{47F20BF2-F1AA-4C03-BA7D-9DAC6653F7B1} = {D333BCDF-B673-477E-8006-11938B487CDD}
		{572434DE-1E69-437C-8E85-F3669FA7CD67} = {D333BCDF-B673-477E-8006-11938B487CDD}
		{36530BED-CD0A-46E2-836F-DCE2579E1B89} = {D333BCDF-B673-477E-8006-11938B487CDD}
	EndGlobalSection
	GlobalSection(ExtensibilityGlobals) = postSolution
		SolutionGuid = {DDCDEBE2-3706-4C65-9B40-41453D806614}
	EndGlobalSection
EndGlobal
