
Microsoft Visual Studio Solution File, Format Version 12.00
# Visual Studio 15
VisualStudioVersion = 15.0.28307.168
MinimumVisualStudioVersion = 10.0.40219.1
Project("{9A19103F-16F7-4668-BE54-9A1E7A4F7556}") = "TomPIT.Management", "TomPIT.Management\TomPIT.Management.csproj", "{9CBDB1E1-1A02-4FFD-8375-37F392AF12BE}"
EndProject
Project("{9A19103F-16F7-4668-BE54-9A1E7A4F7556}") = "Management", "TomPIT.Management.UI\Management.csproj", "{8E1B0E90-8CDC-48A8-AA98-D441705E307B}"
EndProject
Project("{2150E333-8FDC-42A3-9474-1A3956D46DE8}") = "Dependencies", "Dependencies", "{5827F1C3-EB73-4DD3-851C-4BDA2FB1D6B0}"
EndProject
Project("{9A19103F-16F7-4668-BE54-9A1E7A4F7556}") = "TomPIT.Core", "..\Core\TomPIT.Core\TomPIT.Core.csproj", "{A2AC77E6-CCA4-469F-92A8-1AD3729B7D66}"
EndProject
Project("{9A19103F-16F7-4668-BE54-9A1E7A4F7556}") = "TomPIT.ComponentModel", "..\Core\TomPIT.ComponentModel\TomPIT.ComponentModel.csproj", "{A3737B4D-9FA8-4122-AD71-CB5F062C14A7}"
EndProject
Project("{9A19103F-16F7-4668-BE54-9A1E7A4F7556}") = "TomPIT.DataProviders.Sql", "..\DataProviders\TomPIT.DataProviders.Sql\TomPIT.DataProviders.Sql.csproj", "{A268E568-5697-4B64-B606-46B21452EA80}"
EndProject
Project("{9A19103F-16F7-4668-BE54-9A1E7A4F7556}") = "TomPIT.Templates.Application", "..\Development\TomPIT.Templates.Application\TomPIT.Templates.Application.csproj", "{ABEEA775-DB81-4D52-8D94-72461614983F}"
EndProject
Project("{9A19103F-16F7-4668-BE54-9A1E7A4F7556}") = "TomPIT.Templates.Application.Design", "..\Development\TomPIT.Templates.Application.Design\TomPIT.Templates.Application.Design.csproj", "{8E49E20E-F16A-4885-BE09-DF1A58AAC81E}"
EndProject
Project("{9A19103F-16F7-4668-BE54-9A1E7A4F7556}") = "TomPIT.Templates.IoT", "..\Development\TomPIT.Templates.IoT\TomPIT.Templates.IoT.csproj", "{756E0974-25A5-41C0-92A7-F25741F207CD}"
EndProject
Project("{9A19103F-16F7-4668-BE54-9A1E7A4F7556}") = "TomPIT.Templates.IoT.Design", "..\Development\TomPIT.Templates.IoT.Design\TomPIT.Templates.IoT.Design.csproj", "{DEFEC96C-9E42-4317-AAC0-ABC63CB9ADF7}"
EndProject
Project("{9A19103F-16F7-4668-BE54-9A1E7A4F7556}") = "TomPIT.Design", "..\Development\TomPIT.Design\TomPIT.Design.csproj", "{20E86D4D-CC27-4E82-8BFD-8A1CD0BA95D6}"
EndProject
Project("{9A19103F-16F7-4668-BE54-9A1E7A4F7556}") = "TomPIT.Extensions", "..\Runtime\TomPIT.Extensions\TomPIT.Extensions.csproj", "{A14982D2-3C1E-4B4E-86FB-D54CC2C72212}"
EndProject
Project("{9A19103F-16F7-4668-BE54-9A1E7A4F7556}") = "TomPIT.Ide", "..\Development\TomPIT.Ide\TomPIT.Ide.csproj", "{337354A1-BB89-4DEA-A230-848F57BF5EE4}"
EndProject
Project("{9A19103F-16F7-4668-BE54-9A1E7A4F7556}") = "TomPIT.Ide.UI", "..\Development\TomPIT.Ide.UI\TomPIT.Ide.UI.csproj", "{D6766E78-F1C9-4D49-8279-C28BED8C2BEF}"
EndProject
Project("{9A19103F-16F7-4668-BE54-9A1E7A4F7556}") = "TomPIT.Runtime", "..\Runtime\TomPIT.Runtime\TomPIT.Runtime.csproj", "{FDBD9233-C81F-4FF7-81FE-9B3D54EACF6B}"
EndProject
Project("{9A19103F-16F7-4668-BE54-9A1E7A4F7556}") = "TomPIT.UI", "..\Runtime\TomPIT.UI\TomPIT.UI.csproj", "{D9B72539-34BA-4E48-A245-CF3D8C2F200A}"
EndProject
Project("{9A19103F-16F7-4668-BE54-9A1E7A4F7556}") = "TomPIT.Development", "..\Development\TomPIT.Development\TomPIT.Development.csproj", "{45883689-131F-4E1C-9710-9B65A72AB1E4}"
EndProject
Global
	GlobalSection(SolutionConfigurationPlatforms) = preSolution
		Debug|Any CPU = Debug|Any CPU
		Release|Any CPU = Release|Any CPU
	EndGlobalSection
	GlobalSection(ProjectConfigurationPlatforms) = postSolution
		{9CBDB1E1-1A02-4FFD-8375-37F392AF12BE}.Debug|Any CPU.ActiveCfg = Debug|Any CPU
		{9CBDB1E1-1A02-4FFD-8375-37F392AF12BE}.Debug|Any CPU.Build.0 = Debug|Any CPU
		{9CBDB1E1-1A02-4FFD-8375-37F392AF12BE}.Release|Any CPU.ActiveCfg = Release|Any CPU
		{9CBDB1E1-1A02-4FFD-8375-37F392AF12BE}.Release|Any CPU.Build.0 = Release|Any CPU
		{8E1B0E90-8CDC-48A8-AA98-D441705E307B}.Debug|Any CPU.ActiveCfg = Debug|Any CPU
		{8E1B0E90-8CDC-48A8-AA98-D441705E307B}.Debug|Any CPU.Build.0 = Debug|Any CPU
		{8E1B0E90-8CDC-48A8-AA98-D441705E307B}.Release|Any CPU.ActiveCfg = Release|Any CPU
		{8E1B0E90-8CDC-48A8-AA98-D441705E307B}.Release|Any CPU.Build.0 = Release|Any CPU
		{A2AC77E6-CCA4-469F-92A8-1AD3729B7D66}.Debug|Any CPU.ActiveCfg = Debug|Any CPU
		{A2AC77E6-CCA4-469F-92A8-1AD3729B7D66}.Debug|Any CPU.Build.0 = Debug|Any CPU
		{A2AC77E6-CCA4-469F-92A8-1AD3729B7D66}.Release|Any CPU.ActiveCfg = Release|Any CPU
		{A2AC77E6-CCA4-469F-92A8-1AD3729B7D66}.Release|Any CPU.Build.0 = Release|Any CPU
		{A3737B4D-9FA8-4122-AD71-CB5F062C14A7}.Debug|Any CPU.ActiveCfg = Debug|Any CPU
		{A3737B4D-9FA8-4122-AD71-CB5F062C14A7}.Debug|Any CPU.Build.0 = Debug|Any CPU
		{A3737B4D-9FA8-4122-AD71-CB5F062C14A7}.Release|Any CPU.ActiveCfg = Release|Any CPU
		{A3737B4D-9FA8-4122-AD71-CB5F062C14A7}.Release|Any CPU.Build.0 = Release|Any CPU
		{A268E568-5697-4B64-B606-46B21452EA80}.Debug|Any CPU.ActiveCfg = Debug|Any CPU
		{A268E568-5697-4B64-B606-46B21452EA80}.Debug|Any CPU.Build.0 = Debug|Any CPU
		{A268E568-5697-4B64-B606-46B21452EA80}.Release|Any CPU.ActiveCfg = Release|Any CPU
		{A268E568-5697-4B64-B606-46B21452EA80}.Release|Any CPU.Build.0 = Release|Any CPU
		{ABEEA775-DB81-4D52-8D94-72461614983F}.Debug|Any CPU.ActiveCfg = Debug|Any CPU
		{ABEEA775-DB81-4D52-8D94-72461614983F}.Debug|Any CPU.Build.0 = Debug|Any CPU
		{ABEEA775-DB81-4D52-8D94-72461614983F}.Release|Any CPU.ActiveCfg = Release|Any CPU
		{ABEEA775-DB81-4D52-8D94-72461614983F}.Release|Any CPU.Build.0 = Release|Any CPU
		{8E49E20E-F16A-4885-BE09-DF1A58AAC81E}.Debug|Any CPU.ActiveCfg = Debug|Any CPU
		{8E49E20E-F16A-4885-BE09-DF1A58AAC81E}.Debug|Any CPU.Build.0 = Debug|Any CPU
		{8E49E20E-F16A-4885-BE09-DF1A58AAC81E}.Release|Any CPU.ActiveCfg = Release|Any CPU
		{8E49E20E-F16A-4885-BE09-DF1A58AAC81E}.Release|Any CPU.Build.0 = Release|Any CPU
		{756E0974-25A5-41C0-92A7-F25741F207CD}.Debug|Any CPU.ActiveCfg = Debug|Any CPU
		{756E0974-25A5-41C0-92A7-F25741F207CD}.Debug|Any CPU.Build.0 = Debug|Any CPU
		{756E0974-25A5-41C0-92A7-F25741F207CD}.Release|Any CPU.ActiveCfg = Release|Any CPU
		{756E0974-25A5-41C0-92A7-F25741F207CD}.Release|Any CPU.Build.0 = Release|Any CPU
		{DEFEC96C-9E42-4317-AAC0-ABC63CB9ADF7}.Debug|Any CPU.ActiveCfg = Debug|Any CPU
		{DEFEC96C-9E42-4317-AAC0-ABC63CB9ADF7}.Debug|Any CPU.Build.0 = Debug|Any CPU
		{DEFEC96C-9E42-4317-AAC0-ABC63CB9ADF7}.Release|Any CPU.ActiveCfg = Release|Any CPU
		{DEFEC96C-9E42-4317-AAC0-ABC63CB9ADF7}.Release|Any CPU.Build.0 = Release|Any CPU
		{20E86D4D-CC27-4E82-8BFD-8A1CD0BA95D6}.Debug|Any CPU.ActiveCfg = Debug|Any CPU
		{20E86D4D-CC27-4E82-8BFD-8A1CD0BA95D6}.Debug|Any CPU.Build.0 = Debug|Any CPU
		{20E86D4D-CC27-4E82-8BFD-8A1CD0BA95D6}.Release|Any CPU.ActiveCfg = Release|Any CPU
		{20E86D4D-CC27-4E82-8BFD-8A1CD0BA95D6}.Release|Any CPU.Build.0 = Release|Any CPU
		{A14982D2-3C1E-4B4E-86FB-D54CC2C72212}.Debug|Any CPU.ActiveCfg = Debug|Any CPU
		{A14982D2-3C1E-4B4E-86FB-D54CC2C72212}.Debug|Any CPU.Build.0 = Debug|Any CPU
		{A14982D2-3C1E-4B4E-86FB-D54CC2C72212}.Release|Any CPU.ActiveCfg = Release|Any CPU
		{A14982D2-3C1E-4B4E-86FB-D54CC2C72212}.Release|Any CPU.Build.0 = Release|Any CPU
		{337354A1-BB89-4DEA-A230-848F57BF5EE4}.Debug|Any CPU.ActiveCfg = Debug|Any CPU
		{337354A1-BB89-4DEA-A230-848F57BF5EE4}.Debug|Any CPU.Build.0 = Debug|Any CPU
		{337354A1-BB89-4DEA-A230-848F57BF5EE4}.Release|Any CPU.ActiveCfg = Release|Any CPU
		{337354A1-BB89-4DEA-A230-848F57BF5EE4}.Release|Any CPU.Build.0 = Release|Any CPU
		{D6766E78-F1C9-4D49-8279-C28BED8C2BEF}.Debug|Any CPU.ActiveCfg = Debug|Any CPU
		{D6766E78-F1C9-4D49-8279-C28BED8C2BEF}.Debug|Any CPU.Build.0 = Debug|Any CPU
		{D6766E78-F1C9-4D49-8279-C28BED8C2BEF}.Release|Any CPU.ActiveCfg = Release|Any CPU
		{D6766E78-F1C9-4D49-8279-C28BED8C2BEF}.Release|Any CPU.Build.0 = Release|Any CPU
		{FDBD9233-C81F-4FF7-81FE-9B3D54EACF6B}.Debug|Any CPU.ActiveCfg = Debug|Any CPU
		{FDBD9233-C81F-4FF7-81FE-9B3D54EACF6B}.Debug|Any CPU.Build.0 = Debug|Any CPU
		{FDBD9233-C81F-4FF7-81FE-9B3D54EACF6B}.Release|Any CPU.ActiveCfg = Release|Any CPU
		{FDBD9233-C81F-4FF7-81FE-9B3D54EACF6B}.Release|Any CPU.Build.0 = Release|Any CPU
		{D9B72539-34BA-4E48-A245-CF3D8C2F200A}.Debug|Any CPU.ActiveCfg = Debug|Any CPU
		{D9B72539-34BA-4E48-A245-CF3D8C2F200A}.Debug|Any CPU.Build.0 = Debug|Any CPU
		{D9B72539-34BA-4E48-A245-CF3D8C2F200A}.Release|Any CPU.ActiveCfg = Release|Any CPU
		{D9B72539-34BA-4E48-A245-CF3D8C2F200A}.Release|Any CPU.Build.0 = Release|Any CPU
		{45883689-131F-4E1C-9710-9B65A72AB1E4}.Debug|Any CPU.ActiveCfg = Debug|Any CPU
		{45883689-131F-4E1C-9710-9B65A72AB1E4}.Debug|Any CPU.Build.0 = Debug|Any CPU
		{45883689-131F-4E1C-9710-9B65A72AB1E4}.Release|Any CPU.ActiveCfg = Release|Any CPU
		{45883689-131F-4E1C-9710-9B65A72AB1E4}.Release|Any CPU.Build.0 = Release|Any CPU
	EndGlobalSection
	GlobalSection(SolutionProperties) = preSolution
		HideSolutionNode = FALSE
	EndGlobalSection
	GlobalSection(NestedProjects) = preSolution
		{A2AC77E6-CCA4-469F-92A8-1AD3729B7D66} = {5827F1C3-EB73-4DD3-851C-4BDA2FB1D6B0}
		{A3737B4D-9FA8-4122-AD71-CB5F062C14A7} = {5827F1C3-EB73-4DD3-851C-4BDA2FB1D6B0}
		{A268E568-5697-4B64-B606-46B21452EA80} = {5827F1C3-EB73-4DD3-851C-4BDA2FB1D6B0}
		{ABEEA775-DB81-4D52-8D94-72461614983F} = {5827F1C3-EB73-4DD3-851C-4BDA2FB1D6B0}
		{8E49E20E-F16A-4885-BE09-DF1A58AAC81E} = {5827F1C3-EB73-4DD3-851C-4BDA2FB1D6B0}
		{756E0974-25A5-41C0-92A7-F25741F207CD} = {5827F1C3-EB73-4DD3-851C-4BDA2FB1D6B0}
		{DEFEC96C-9E42-4317-AAC0-ABC63CB9ADF7} = {5827F1C3-EB73-4DD3-851C-4BDA2FB1D6B0}
		{20E86D4D-CC27-4E82-8BFD-8A1CD0BA95D6} = {5827F1C3-EB73-4DD3-851C-4BDA2FB1D6B0}
		{A14982D2-3C1E-4B4E-86FB-D54CC2C72212} = {5827F1C3-EB73-4DD3-851C-4BDA2FB1D6B0}
		{337354A1-BB89-4DEA-A230-848F57BF5EE4} = {5827F1C3-EB73-4DD3-851C-4BDA2FB1D6B0}
		{D6766E78-F1C9-4D49-8279-C28BED8C2BEF} = {5827F1C3-EB73-4DD3-851C-4BDA2FB1D6B0}
		{FDBD9233-C81F-4FF7-81FE-9B3D54EACF6B} = {5827F1C3-EB73-4DD3-851C-4BDA2FB1D6B0}
		{D9B72539-34BA-4E48-A245-CF3D8C2F200A} = {5827F1C3-EB73-4DD3-851C-4BDA2FB1D6B0}
		{45883689-131F-4E1C-9710-9B65A72AB1E4} = {5827F1C3-EB73-4DD3-851C-4BDA2FB1D6B0}
	EndGlobalSection
	GlobalSection(ExtensibilityGlobals) = postSolution
		SolutionGuid = {7187B5FA-C517-4267-9595-BBCA7B70C85B}
	EndGlobalSection
EndGlobal
