
Microsoft Visual Studio Solution File, Format Version 12.00
# Visual Studio Version 16
VisualStudioVersion = 16.0.32929.386
MinimumVisualStudioVersion = 10.0.40219.1
Project("{FAE04EC0-301F-11D3-BF4B-00C04F79EFBC}") = "Connected.SaaS.Clients", "Connected.SaaS.Clients\Connected.SaaS.Clients.csproj", "{AF5E8585-E8BB-4F81-A949-E58F1F5FBED9}"
EndProject
Project("{FAE04EC0-301F-11D3-BF4B-00C04F79EFBC}") = "Connected.SaaS.Clients.HealthMonitoring", "Connected.SaaS.Clients.HealthMonitoring\Connected.SaaS.Clients.HealthMonitoring.csproj", "{80AA2AA3-E905-4269-A7B3-5FAC86C52AAF}"
EndProject
Global
	GlobalSection(SolutionConfigurationPlatforms) = preSolution
		Debug|Any CPU = Debug|Any CPU
		Release|Any CPU = Release|Any CPU
	EndGlobalSection
	GlobalSection(ProjectConfigurationPlatforms) = postSolution
		{AF5E8585-E8BB-4F81-A949-E58F1F5FBED9}.Debug|Any CPU.ActiveCfg = Debug|Any CPU
		{AF5E8585-E8BB-4F81-A949-E58F1F5FBED9}.Debug|Any CPU.Build.0 = Debug|Any CPU
		{AF5E8585-E8BB-4F81-A949-E58F1F5FBED9}.Release|Any CPU.ActiveCfg = Release|Any CPU
		{AF5E8585-E8BB-4F81-A949-E58F1F5FBED9}.Release|Any CPU.Build.0 = Release|Any CPU
		{80AA2AA3-E905-4269-A7B3-5FAC86C52AAF}.Debug|Any CPU.ActiveCfg = Debug|Any CPU
		{80AA2AA3-E905-4269-A7B3-5FAC86C52AAF}.Debug|Any CPU.Build.0 = Debug|Any CPU
		{80AA2AA3-E905-4269-A7B3-5FAC86C52AAF}.Release|Any CPU.ActiveCfg = Release|Any CPU
		{80AA2AA3-E905-4269-A7B3-5FAC86C52AAF}.Release|Any CPU.Build.0 = Release|Any CPU
	EndGlobalSection
	GlobalSection(SolutionProperties) = preSolution
		HideSolutionNode = FALSE
	EndGlobalSection
	GlobalSection(ExtensibilityGlobals) = postSolution
		SolutionGuid = {9B15DCB3-5982-478E-95E1-D65C0787C422}
	EndGlobalSection
EndGlobal
