
Microsoft Visual Studio Solution File, Format Version 12.00
# Visual Studio Version 16
VisualStudioVersion = 16.0.29230.47
MinimumVisualStudioVersion = 10.0.40219.1
Project("{9A19103F-16F7-4668-BE54-9A1E7A4F7556}") = "App", "TomPIT.App.UI\App.csproj", "{E5B23D74-BF2D-4BF2-833B-31B8A295966C}"
EndProject
Project("{2150E333-8FDC-42A3-9474-1A3956D46DE8}") = "Dependencies", "Dependencies", "{5A2F8ED8-4C2D-4F6F-8CFD-C9C045172ED3}"
EndProject
Project("{9A19103F-16F7-4668-BE54-9A1E7A4F7556}") = "TomPIT.Core", "..\Core\TomPIT.Core\TomPIT.Core.csproj", "{4D4C7EA9-0CC8-485D-8B55-FEA7E1ECDE71}"
EndProject
Project("{9A19103F-16F7-4668-BE54-9A1E7A4F7556}") = "TomPIT.ComponentModel", "..\Core\TomPIT.ComponentModel\TomPIT.ComponentModel.csproj", "{94BCFED7-34D9-4FD1-9CC9-0F387A5C84E7}"
EndProject
Project("{9A19103F-16F7-4668-BE54-9A1E7A4F7556}") = "TomPIT.Extensions", "..\Runtime\TomPIT.Extensions\TomPIT.Extensions.csproj", "{17355B48-B647-4742-BDE2-77F5AD742252}"
EndProject
Project("{9A19103F-16F7-4668-BE54-9A1E7A4F7556}") = "TomPIT.Runtime", "..\Runtime\TomPIT.Runtime\TomPIT.Runtime.csproj", "{96694CC3-A1B8-482D-83E5-89DEE06FF7D4}"
EndProject
Project("{9A19103F-16F7-4668-BE54-9A1E7A4F7556}") = "TomPIT.UI", "..\Runtime\TomPIT.UI\TomPIT.UI.csproj", "{BDE84435-E451-472C-BBD9-077100392B73}"
EndProject
Project("{9A19103F-16F7-4668-BE54-9A1E7A4F7556}") = "TomPIT.Sdk", "..\Core\TomPIT.Sdk\TomPIT.Sdk.csproj", "{24F2126F-D062-45A9-A167-FFA0C8B9CBD6}"
EndProject
Global
	GlobalSection(SolutionConfigurationPlatforms) = preSolution
		Debug|Any CPU = Debug|Any CPU
		Release|Any CPU = Release|Any CPU
	EndGlobalSection
	GlobalSection(ProjectConfigurationPlatforms) = postSolution
		{E5B23D74-BF2D-4BF2-833B-31B8A295966C}.Debug|Any CPU.ActiveCfg = Debug|Any CPU
		{E5B23D74-BF2D-4BF2-833B-31B8A295966C}.Debug|Any CPU.Build.0 = Debug|Any CPU
		{E5B23D74-BF2D-4BF2-833B-31B8A295966C}.Release|Any CPU.ActiveCfg = Release|Any CPU
		{E5B23D74-BF2D-4BF2-833B-31B8A295966C}.Release|Any CPU.Build.0 = Release|Any CPU
		{4D4C7EA9-0CC8-485D-8B55-FEA7E1ECDE71}.Debug|Any CPU.ActiveCfg = Debug|Any CPU
		{4D4C7EA9-0CC8-485D-8B55-FEA7E1ECDE71}.Debug|Any CPU.Build.0 = Debug|Any CPU
		{4D4C7EA9-0CC8-485D-8B55-FEA7E1ECDE71}.Release|Any CPU.ActiveCfg = Release|Any CPU
		{4D4C7EA9-0CC8-485D-8B55-FEA7E1ECDE71}.Release|Any CPU.Build.0 = Release|Any CPU
		{94BCFED7-34D9-4FD1-9CC9-0F387A5C84E7}.Debug|Any CPU.ActiveCfg = Debug|Any CPU
		{94BCFED7-34D9-4FD1-9CC9-0F387A5C84E7}.Debug|Any CPU.Build.0 = Debug|Any CPU
		{94BCFED7-34D9-4FD1-9CC9-0F387A5C84E7}.Release|Any CPU.ActiveCfg = Release|Any CPU
		{94BCFED7-34D9-4FD1-9CC9-0F387A5C84E7}.Release|Any CPU.Build.0 = Release|Any CPU
		{17355B48-B647-4742-BDE2-77F5AD742252}.Debug|Any CPU.ActiveCfg = Debug|Any CPU
		{17355B48-B647-4742-BDE2-77F5AD742252}.Debug|Any CPU.Build.0 = Debug|Any CPU
		{17355B48-B647-4742-BDE2-77F5AD742252}.Release|Any CPU.ActiveCfg = Release|Any CPU
		{17355B48-B647-4742-BDE2-77F5AD742252}.Release|Any CPU.Build.0 = Release|Any CPU
		{96694CC3-A1B8-482D-83E5-89DEE06FF7D4}.Debug|Any CPU.ActiveCfg = Debug|Any CPU
		{96694CC3-A1B8-482D-83E5-89DEE06FF7D4}.Debug|Any CPU.Build.0 = Debug|Any CPU
		{96694CC3-A1B8-482D-83E5-89DEE06FF7D4}.Release|Any CPU.ActiveCfg = Release|Any CPU
		{96694CC3-A1B8-482D-83E5-89DEE06FF7D4}.Release|Any CPU.Build.0 = Release|Any CPU
		{BDE84435-E451-472C-BBD9-077100392B73}.Debug|Any CPU.ActiveCfg = Debug|Any CPU
		{BDE84435-E451-472C-BBD9-077100392B73}.Debug|Any CPU.Build.0 = Debug|Any CPU
		{BDE84435-E451-472C-BBD9-077100392B73}.Release|Any CPU.ActiveCfg = Release|Any CPU
		{BDE84435-E451-472C-BBD9-077100392B73}.Release|Any CPU.Build.0 = Release|Any CPU
		{24F2126F-D062-45A9-A167-FFA0C8B9CBD6}.Debug|Any CPU.ActiveCfg = Debug|Any CPU
		{24F2126F-D062-45A9-A167-FFA0C8B9CBD6}.Debug|Any CPU.Build.0 = Debug|Any CPU
		{24F2126F-D062-45A9-A167-FFA0C8B9CBD6}.Release|Any CPU.ActiveCfg = Release|Any CPU
		{24F2126F-D062-45A9-A167-FFA0C8B9CBD6}.Release|Any CPU.Build.0 = Release|Any CPU
	EndGlobalSection
	GlobalSection(SolutionProperties) = preSolution
		HideSolutionNode = FALSE
	EndGlobalSection
	GlobalSection(NestedProjects) = preSolution
		{4D4C7EA9-0CC8-485D-8B55-FEA7E1ECDE71} = {5A2F8ED8-4C2D-4F6F-8CFD-C9C045172ED3}
		{94BCFED7-34D9-4FD1-9CC9-0F387A5C84E7} = {5A2F8ED8-4C2D-4F6F-8CFD-C9C045172ED3}
		{17355B48-B647-4742-BDE2-77F5AD742252} = {5A2F8ED8-4C2D-4F6F-8CFD-C9C045172ED3}
		{96694CC3-A1B8-482D-83E5-89DEE06FF7D4} = {5A2F8ED8-4C2D-4F6F-8CFD-C9C045172ED3}
		{BDE84435-E451-472C-BBD9-077100392B73} = {5A2F8ED8-4C2D-4F6F-8CFD-C9C045172ED3}
		{24F2126F-D062-45A9-A167-FFA0C8B9CBD6} = {5A2F8ED8-4C2D-4F6F-8CFD-C9C045172ED3}
	EndGlobalSection
	GlobalSection(ExtensibilityGlobals) = postSolution
		SolutionGuid = {D58D00DA-437E-41DC-A1F2-E9660AAD7616}
	EndGlobalSection
EndGlobal
