
Microsoft Visual Studio Solution File, Format Version 12.00
# Visual Studio Version 16
VisualStudioVersion = 16.0.30907.101
MinimumVisualStudioVersion = 10.0.40219.1
Project("{9A19103F-16F7-4668-BE54-9A1E7A4F7556}") = "TomPIT.Sdk", "TomPIT.Sdk\TomPIT.Sdk.csproj", "{98EFED9E-9794-4AB2-B6E7-A2998DB47884}"
EndProject
Project("{FAE04EC0-301F-11D3-BF4B-00C04F79EFBC}") = "TomPIT.Sdk.Examples.Iot", "TomPIT.Sdk.Examples.Iot\TomPIT.Sdk.Examples.Iot.csproj", "{1BCF7B73-430B-4309-9727-4E2F743D9F58}"
EndProject
Global
	GlobalSection(SolutionConfigurationPlatforms) = preSolution
		Debug|Any CPU = Debug|Any CPU
		Release|Any CPU = Release|Any CPU
	EndGlobalSection
	GlobalSection(ProjectConfigurationPlatforms) = postSolution
		{98EFED9E-9794-4AB2-B6E7-A2998DB47884}.Debug|Any CPU.ActiveCfg = Debug|Any CPU
		{98EFED9E-9794-4AB2-B6E7-A2998DB47884}.Debug|Any CPU.Build.0 = Debug|Any CPU
		{98EFED9E-9794-4AB2-B6E7-A2998DB47884}.Release|Any CPU.ActiveCfg = Release|Any CPU
		{98EFED9E-9794-4AB2-B6E7-A2998DB47884}.Release|Any CPU.Build.0 = Release|Any CPU
		{1BCF7B73-430B-4309-9727-4E2F743D9F58}.Debug|Any CPU.ActiveCfg = Debug|Any CPU
		{1BCF7B73-430B-4309-9727-4E2F743D9F58}.Debug|Any CPU.Build.0 = Debug|Any CPU
		{1BCF7B73-430B-4309-9727-4E2F743D9F58}.Release|Any CPU.ActiveCfg = Release|Any CPU
		{1BCF7B73-430B-4309-9727-4E2F743D9F58}.Release|Any CPU.Build.0 = Release|Any CPU
	EndGlobalSection
	GlobalSection(SolutionProperties) = preSolution
		HideSolutionNode = FALSE
	EndGlobalSection
	GlobalSection(ExtensibilityGlobals) = postSolution
		SolutionGuid = {476747E5-A9CF-49B2-9B23-1329FF4292F2}
	EndGlobalSection
EndGlobal
