
Microsoft Visual Studio Solution File, Format Version 12.00
# Visual Studio 15
VisualStudioVersion = 15.0.28307.168
MinimumVisualStudioVersion = 10.0.40219.1
Project("{9A19103F-16F7-4668-BE54-9A1E7A4F7556}") = "Worker", "TomPIT.Worker.App\Worker.csproj", "{E19F1EE8-C353-45BA-A50E-F21915F8F62F}"
EndProject
Project("{2150E333-8FDC-42A3-9474-1A3956D46DE8}") = "Dependencies", "Dependencies", "{6825BFF2-F2E8-4B11-ADC7-7531552FE4D8}"
EndProject
Project("{9A19103F-16F7-4668-BE54-9A1E7A4F7556}") = "TomPIT.Core", "..\Core\TomPIT.Core\TomPIT.Core.csproj", "{E9655E0C-C38D-4E11-8DF7-392F6F6E9B7E}"
EndProject
Project("{9A19103F-16F7-4668-BE54-9A1E7A4F7556}") = "TomPIT.ComponentModel", "..\Core\TomPIT.ComponentModel\TomPIT.ComponentModel.csproj", "{FDB05085-1B1E-4E71-9295-B0007DD12A8C}"
EndProject
Project("{9A19103F-16F7-4668-BE54-9A1E7A4F7556}") = "TomPIT.DataProviders.Sql", "..\DataProviders\TomPIT.DataProviders.Sql\TomPIT.DataProviders.Sql.csproj", "{EC2F88EE-7082-4E60-B99C-9285FB8CD370}"
EndProject
Project("{9A19103F-16F7-4668-BE54-9A1E7A4F7556}") = "TomPIT.Runtime", "..\Runtime\TomPIT.Runtime\TomPIT.Runtime.csproj", "{EE329C17-1337-465A-9949-10EF059199E1}"
EndProject
Project("{9A19103F-16F7-4668-BE54-9A1E7A4F7556}") = "TomPIT.Application", "..\Development\TomPIT.Templates.Application\TomPIT.Application.csproj", "{769F8270-E0C7-4B89-A7B0-6E8F123006D8}"
EndProject
Project("{9A19103F-16F7-4668-BE54-9A1E7A4F7556}") = "TomPIT.Templates.IoT", "..\Development\TomPIT.Templates.IoT\TomPIT.Templates.IoT.csproj", "{F6DCB85D-A013-4A0D-9A37-0107E169800F}"
EndProject
Global
	GlobalSection(SolutionConfigurationPlatforms) = preSolution
		Debug|Any CPU = Debug|Any CPU
		Release|Any CPU = Release|Any CPU
	EndGlobalSection
	GlobalSection(ProjectConfigurationPlatforms) = postSolution
		{E19F1EE8-C353-45BA-A50E-F21915F8F62F}.Debug|Any CPU.ActiveCfg = Debug|Any CPU
		{E19F1EE8-C353-45BA-A50E-F21915F8F62F}.Debug|Any CPU.Build.0 = Debug|Any CPU
		{E19F1EE8-C353-45BA-A50E-F21915F8F62F}.Release|Any CPU.ActiveCfg = Release|Any CPU
		{E19F1EE8-C353-45BA-A50E-F21915F8F62F}.Release|Any CPU.Build.0 = Release|Any CPU
		{E9655E0C-C38D-4E11-8DF7-392F6F6E9B7E}.Debug|Any CPU.ActiveCfg = Debug|Any CPU
		{E9655E0C-C38D-4E11-8DF7-392F6F6E9B7E}.Debug|Any CPU.Build.0 = Debug|Any CPU
		{E9655E0C-C38D-4E11-8DF7-392F6F6E9B7E}.Release|Any CPU.ActiveCfg = Release|Any CPU
		{E9655E0C-C38D-4E11-8DF7-392F6F6E9B7E}.Release|Any CPU.Build.0 = Release|Any CPU
		{FDB05085-1B1E-4E71-9295-B0007DD12A8C}.Debug|Any CPU.ActiveCfg = Debug|Any CPU
		{FDB05085-1B1E-4E71-9295-B0007DD12A8C}.Debug|Any CPU.Build.0 = Debug|Any CPU
		{FDB05085-1B1E-4E71-9295-B0007DD12A8C}.Release|Any CPU.ActiveCfg = Release|Any CPU
		{FDB05085-1B1E-4E71-9295-B0007DD12A8C}.Release|Any CPU.Build.0 = Release|Any CPU
		{EC2F88EE-7082-4E60-B99C-9285FB8CD370}.Debug|Any CPU.ActiveCfg = Debug|Any CPU
		{EC2F88EE-7082-4E60-B99C-9285FB8CD370}.Debug|Any CPU.Build.0 = Debug|Any CPU
		{EC2F88EE-7082-4E60-B99C-9285FB8CD370}.Release|Any CPU.ActiveCfg = Release|Any CPU
		{EC2F88EE-7082-4E60-B99C-9285FB8CD370}.Release|Any CPU.Build.0 = Release|Any CPU
		{EE329C17-1337-465A-9949-10EF059199E1}.Debug|Any CPU.ActiveCfg = Debug|Any CPU
		{EE329C17-1337-465A-9949-10EF059199E1}.Debug|Any CPU.Build.0 = Debug|Any CPU
		{EE329C17-1337-465A-9949-10EF059199E1}.Release|Any CPU.ActiveCfg = Release|Any CPU
		{EE329C17-1337-465A-9949-10EF059199E1}.Release|Any CPU.Build.0 = Release|Any CPU
		{769F8270-E0C7-4B89-A7B0-6E8F123006D8}.Debug|Any CPU.ActiveCfg = Debug|Any CPU
		{769F8270-E0C7-4B89-A7B0-6E8F123006D8}.Debug|Any CPU.Build.0 = Debug|Any CPU
		{769F8270-E0C7-4B89-A7B0-6E8F123006D8}.Release|Any CPU.ActiveCfg = Release|Any CPU
		{769F8270-E0C7-4B89-A7B0-6E8F123006D8}.Release|Any CPU.Build.0 = Release|Any CPU
		{F6DCB85D-A013-4A0D-9A37-0107E169800F}.Debug|Any CPU.ActiveCfg = Debug|Any CPU
		{F6DCB85D-A013-4A0D-9A37-0107E169800F}.Debug|Any CPU.Build.0 = Debug|Any CPU
		{F6DCB85D-A013-4A0D-9A37-0107E169800F}.Release|Any CPU.ActiveCfg = Release|Any CPU
		{F6DCB85D-A013-4A0D-9A37-0107E169800F}.Release|Any CPU.Build.0 = Release|Any CPU
	EndGlobalSection
	GlobalSection(SolutionProperties) = preSolution
		HideSolutionNode = FALSE
	EndGlobalSection
	GlobalSection(NestedProjects) = preSolution
		{E9655E0C-C38D-4E11-8DF7-392F6F6E9B7E} = {6825BFF2-F2E8-4B11-ADC7-7531552FE4D8}
		{FDB05085-1B1E-4E71-9295-B0007DD12A8C} = {6825BFF2-F2E8-4B11-ADC7-7531552FE4D8}
		{EC2F88EE-7082-4E60-B99C-9285FB8CD370} = {6825BFF2-F2E8-4B11-ADC7-7531552FE4D8}
		{EE329C17-1337-465A-9949-10EF059199E1} = {6825BFF2-F2E8-4B11-ADC7-7531552FE4D8}
		{769F8270-E0C7-4B89-A7B0-6E8F123006D8} = {6825BFF2-F2E8-4B11-ADC7-7531552FE4D8}
		{F6DCB85D-A013-4A0D-9A37-0107E169800F} = {6825BFF2-F2E8-4B11-ADC7-7531552FE4D8}
	EndGlobalSection
	GlobalSection(ExtensibilityGlobals) = postSolution
		SolutionGuid = {500C8BB7-2A99-46A1-B12E-DC120C4E8BF2}
	EndGlobalSection
EndGlobal
