
Microsoft Visual Studio Solution File, Format Version 12.00
# Visual Studio 15
VisualStudioVersion = 15.0.28307.168
MinimumVisualStudioVersion = 10.0.40219.1
Project("{9A19103F-16F7-4668-BE54-9A1E7A4F7556}") = "Rest", "TomPIT.Rest.Api\Rest.csproj", "{4FFD0A84-9D56-4EA8-943A-D283B575B45E}"
EndProject
Project("{2150E333-8FDC-42A3-9474-1A3956D46DE8}") = "Dependencies", "Dependencies", "{042882BE-E116-46D3-9BB1-94197167DB5F}"
EndProject
Project("{9A19103F-16F7-4668-BE54-9A1E7A4F7556}") = "TomPIT.Core", "..\Core\TomPIT.Core\TomPIT.Core.csproj", "{B1C92EEA-9159-4B81-BAE0-2FCEE0966436}"
EndProject
Project("{9A19103F-16F7-4668-BE54-9A1E7A4F7556}") = "TomPIT.ComponentModel", "..\Core\TomPIT.ComponentModel\TomPIT.ComponentModel.csproj", "{65A87610-1D84-48FC-8826-A3E02D85C1B7}"
EndProject
Project("{9A19103F-16F7-4668-BE54-9A1E7A4F7556}") = "TomPIT.Runtime", "..\Runtime\TomPIT.Runtime\TomPIT.Runtime.csproj", "{3333072B-AD74-458F-837E-ACCEAB57A0C3}"
EndProject
Global
	GlobalSection(SolutionConfigurationPlatforms) = preSolution
		Debug|Any CPU = Debug|Any CPU
		Release|Any CPU = Release|Any CPU
	EndGlobalSection
	GlobalSection(ProjectConfigurationPlatforms) = postSolution
		{4FFD0A84-9D56-4EA8-943A-D283B575B45E}.Debug|Any CPU.ActiveCfg = Debug|Any CPU
		{4FFD0A84-9D56-4EA8-943A-D283B575B45E}.Debug|Any CPU.Build.0 = Debug|Any CPU
		{4FFD0A84-9D56-4EA8-943A-D283B575B45E}.Release|Any CPU.ActiveCfg = Release|Any CPU
		{4FFD0A84-9D56-4EA8-943A-D283B575B45E}.Release|Any CPU.Build.0 = Release|Any CPU
		{B1C92EEA-9159-4B81-BAE0-2FCEE0966436}.Debug|Any CPU.ActiveCfg = Debug|Any CPU
		{B1C92EEA-9159-4B81-BAE0-2FCEE0966436}.Debug|Any CPU.Build.0 = Debug|Any CPU
		{B1C92EEA-9159-4B81-BAE0-2FCEE0966436}.Release|Any CPU.ActiveCfg = Release|Any CPU
		{B1C92EEA-9159-4B81-BAE0-2FCEE0966436}.Release|Any CPU.Build.0 = Release|Any CPU
		{65A87610-1D84-48FC-8826-A3E02D85C1B7}.Debug|Any CPU.ActiveCfg = Debug|Any CPU
		{65A87610-1D84-48FC-8826-A3E02D85C1B7}.Debug|Any CPU.Build.0 = Debug|Any CPU
		{65A87610-1D84-48FC-8826-A3E02D85C1B7}.Release|Any CPU.ActiveCfg = Release|Any CPU
		{65A87610-1D84-48FC-8826-A3E02D85C1B7}.Release|Any CPU.Build.0 = Release|Any CPU
		{3333072B-AD74-458F-837E-ACCEAB57A0C3}.Debug|Any CPU.ActiveCfg = Debug|Any CPU
		{3333072B-AD74-458F-837E-ACCEAB57A0C3}.Debug|Any CPU.Build.0 = Debug|Any CPU
		{3333072B-AD74-458F-837E-ACCEAB57A0C3}.Release|Any CPU.ActiveCfg = Release|Any CPU
		{3333072B-AD74-458F-837E-ACCEAB57A0C3}.Release|Any CPU.Build.0 = Release|Any CPU
	EndGlobalSection
	GlobalSection(SolutionProperties) = preSolution
		HideSolutionNode = FALSE
	EndGlobalSection
	GlobalSection(NestedProjects) = preSolution
		{B1C92EEA-9159-4B81-BAE0-2FCEE0966436} = {042882BE-E116-46D3-9BB1-94197167DB5F}
		{65A87610-1D84-48FC-8826-A3E02D85C1B7} = {042882BE-E116-46D3-9BB1-94197167DB5F}
		{3333072B-AD74-458F-837E-ACCEAB57A0C3} = {042882BE-E116-46D3-9BB1-94197167DB5F}
	EndGlobalSection
	GlobalSection(ExtensibilityGlobals) = postSolution
		SolutionGuid = {C427E193-6795-472B-BE3E-574B677EDE80}
	EndGlobalSection
EndGlobal
